
Microsoft Visual Studio Solution File, Format Version 12.00
# Visual Studio Version 17
VisualStudioVersion = 17.10.35013.160
MinimumVisualStudioVersion = 10.0.40219.1
Project("{FAE04EC0-301F-11D3-BF4B-00C04F79EFBC}") = "RestaurantReservation.API", "RestaurantReservation.API\RestaurantReservation.API.csproj", "{A86C9046-F3E2-4F0C-A7A1-45B17864E123}"
EndProject
Global
	GlobalSection(SolutionConfigurationPlatforms) = preSolution
		Debug|Any CPU = Debug|Any CPU
		Release|Any CPU = Release|Any CPU
	EndGlobalSection
	GlobalSection(ProjectConfigurationPlatforms) = postSolution
		{A86C9046-F3E2-4F0C-A7A1-45B17864E123}.Debug|Any CPU.ActiveCfg = Debug|Any CPU
		{A86C9046-F3E2-4F0C-A7A1-45B17864E123}.Debug|Any CPU.Build.0 = Debug|Any CPU
		{A86C9046-F3E2-4F0C-A7A1-45B17864E123}.Release|Any CPU.ActiveCfg = Release|Any CPU
		{A86C9046-F3E2-4F0C-A7A1-45B17864E123}.Release|Any CPU.Build.0 = Release|Any CPU
	EndGlobalSection
	GlobalSection(SolutionProperties) = preSolution
		HideSolutionNode = FALSE
	EndGlobalSection
	GlobalSection(ExtensibilityGlobals) = postSolution
		SolutionGuid = {533B0FBD-0E0F-46D8-9639-B97B43FD7C35}
	EndGlobalSection
EndGlobal
